// !$*UTF8*$!
{
	archiveVersion = 1;
	classes = {
	};
	objectVersion = 56;
	objects = {

/* Begin PBXBuildFile section */
		827DD9B229F8A61800BB3784 /* BucketApp.swift in Sources */ = {isa = PBXBuildFile; fileRef = 827DD9B129F8A61800BB3784 /* BucketApp.swift */; };
		827DD9B429F8A61800BB3784 /* ContentView.swift in Sources */ = {isa = PBXBuildFile; fileRef = 827DD9B329F8A61800BB3784 /* ContentView.swift */; };
		827DD9B629F8A61900BB3784 /* Assets.xcassets in Resources */ = {isa = PBXBuildFile; fileRef = 827DD9B529F8A61900BB3784 /* Assets.xcassets */; };
		827DD9B929F8A61900BB3784 /* Preview Assets.xcassets in Resources */ = {isa = PBXBuildFile; fileRef = 827DD9B829F8A61900BB3784 /* Preview Assets.xcassets */; };
		827DD9C129F8A9AD00BB3784 /* MainView.swift in Sources */ = {isa = PBXBuildFile; fileRef = 827DD9C029F8A9AD00BB3784 /* MainView.swift */; };
		827DD9C329F8AB1D00BB3784 /* MyBucketView.swift in Sources */ = {isa = PBXBuildFile; fileRef = 827DD9C229F8AB1D00BB3784 /* MyBucketView.swift */; };
		827DD9C629F8AB3A00BB3784 /* BucketItems.swift in Sources */ = {isa = PBXBuildFile; fileRef = 827DD9C529F8AB3A00BB3784 /* BucketItems.swift */; };
		827DD9C829F8AF5600BB3784 /* ActivitiesView.swift in Sources */ = {isa = PBXBuildFile; fileRef = 827DD9C729F8AF5600BB3784 /* ActivitiesView.swift */; };
		827DD9CA29FC43CC00BB3784 /* BucketItemDetailView.swift in Sources */ = {isa = PBXBuildFile; fileRef = 827DD9C929FC43CC00BB3784 /* BucketItemDetailView.swift */; };
/* End PBXBuildFile section */

/* Begin PBXFileReference section */
		827DD9AE29F8A61800BB3784 /* Bucket.app */ = {isa = PBXFileReference; explicitFileType = wrapper.application; includeInIndex = 0; path = Bucket.app; sourceTree = BUILT_PRODUCTS_DIR; };
		827DD9B129F8A61800BB3784 /* BucketApp.swift */ = {isa = PBXFileReference; lastKnownFileType = sourcecode.swift; path = BucketApp.swift; sourceTree = "<group>"; };
		827DD9B329F8A61800BB3784 /* ContentView.swift */ = {isa = PBXFileReference; lastKnownFileType = sourcecode.swift; path = ContentView.swift; sourceTree = "<group>"; };
		827DD9B529F8A61900BB3784 /* Assets.xcassets */ = {isa = PBXFileReference; lastKnownFileType = folder.assetcatalog; path = Assets.xcassets; sourceTree = "<group>"; };
		827DD9B829F8A61900BB3784 /* Preview Assets.xcassets */ = {isa = PBXFileReference; lastKnownFileType = folder.assetcatalog; path = "Preview Assets.xcassets"; sourceTree = "<group>"; };
		827DD9C029F8A9AD00BB3784 /* MainView.swift */ = {isa = PBXFileReference; lastKnownFileType = sourcecode.swift; path = MainView.swift; sourceTree = "<group>"; };
		827DD9C229F8AB1D00BB3784 /* MyBucketView.swift */ = {isa = PBXFileReference; lastKnownFileType = sourcecode.swift; path = MyBucketView.swift; sourceTree = "<group>"; };
		827DD9C529F8AB3A00BB3784 /* BucketItems.swift */ = {isa = PBXFileReference; lastKnownFileType = sourcecode.swift; path = BucketItems.swift; sourceTree = "<group>"; };
		827DD9C729F8AF5600BB3784 /* ActivitiesView.swift */ = {isa = PBXFileReference; lastKnownFileType = sourcecode.swift; path = ActivitiesView.swift; sourceTree = "<group>"; };
		827DD9C929FC43CC00BB3784 /* BucketItemDetailView.swift */ = {isa = PBXFileReference; lastKnownFileType = sourcecode.swift; path = BucketItemDetailView.swift; sourceTree = "<group>"; };
/* End PBXFileReference section */

/* Begin PBXFrameworksBuildPhase section */
		827DD9AB29F8A61800BB3784 /* Frameworks */ = {
			isa = PBXFrameworksBuildPhase;
			buildActionMask = 2147483647;
			files = (
			);
			runOnlyForDeploymentPostprocessing = 0;
		};
/* End PBXFrameworksBuildPhase section */

/* Begin PBXGroup section */
		827DD9A529F8A61800BB3784 = {
			isa = PBXGroup;
			children = (
				827DD9B029F8A61800BB3784 /* Bucket */,
				827DD9AF29F8A61800BB3784 /* Products */,
			);
			sourceTree = "<group>";
		};
		827DD9AF29F8A61800BB3784 /* Products */ = {
			isa = PBXGroup;
			children = (
				827DD9AE29F8A61800BB3784 /* Bucket.app */,
			);
			name = Products;
			sourceTree = "<group>";
		};
		827DD9B029F8A61800BB3784 /* Bucket */ = {
			isa = PBXGroup;
			children = (
				827DD9B129F8A61800BB3784 /* BucketApp.swift */,
				827DD9C429F8AB2700BB3784 /* Models */,
				827DD9BF29F8A8EC00BB3784 /* Views */,
				827DD9B529F8A61900BB3784 /* Assets.xcassets */,
				827DD9B729F8A61900BB3784 /* Preview Content */,
			);
			path = Bucket;
			sourceTree = "<group>";
		};
		827DD9B729F8A61900BB3784 /* Preview Content */ = {
			isa = PBXGroup;
			children = (
				827DD9B829F8A61900BB3784 /* Preview Assets.xcassets */,
			);
			path = "Preview Content";
			sourceTree = "<group>";
		};
		827DD9BF29F8A8EC00BB3784 /* Views */ = {
			isa = PBXGroup;
			children = (
				827DD9B329F8A61800BB3784 /* ContentView.swift */,
				827DD9C029F8A9AD00BB3784 /* MainView.swift */,
				827DD9C229F8AB1D00BB3784 /* MyBucketView.swift */,
				827DD9C729F8AF5600BB3784 /* ActivitiesView.swift */,
				827DD9C929FC43CC00BB3784 /* BucketItemDetailView.swift */,
			);
			path = Views;
			sourceTree = "<group>";
		};
		827DD9C429F8AB2700BB3784 /* Models */ = {
			isa = PBXGroup;
			children = (
				827DD9C529F8AB3A00BB3784 /* BucketItems.swift */,
			);
			path = Models;
			sourceTree = "<group>";
		};
/* End PBXGroup section */

/* Begin PBXNativeTarget section */
		827DD9AD29F8A61800BB3784 /* Bucket */ = {
			isa = PBXNativeTarget;
			buildConfigurationList = 827DD9BC29F8A61900BB3784 /* Build configuration list for PBXNativeTarget "Bucket" */;
			buildPhases = (
				827DD9AA29F8A61800BB3784 /* Sources */,
				827DD9AB29F8A61800BB3784 /* Frameworks */,
				827DD9AC29F8A61800BB3784 /* Resources */,
			);
			buildRules = (
			);
			dependencies = (
			);
			name = Bucket;
			productName = Bucket;
			productReference = 827DD9AE29F8A61800BB3784 /* Bucket.app */;
			productType = "com.apple.product-type.application";
		};
/* End PBXNativeTarget section */

/* Begin PBXProject section */
		827DD9A629F8A61800BB3784 /* Project object */ = {
			isa = PBXProject;
			attributes = {
				BuildIndependentTargetsInParallel = 1;
				LastSwiftUpdateCheck = 1430;
				LastUpgradeCheck = 1430;
				TargetAttributes = {
					827DD9AD29F8A61800BB3784 = {
						CreatedOnToolsVersion = 14.3;
					};
				};
			};
			buildConfigurationList = 827DD9A929F8A61800BB3784 /* Build configuration list for PBXProject "Bucket" */;
			compatibilityVersion = "Xcode 14.0";
			developmentRegion = en;
			hasScannedForEncodings = 0;
			knownRegions = (
				en,
				Base,
			);
			mainGroup = 827DD9A529F8A61800BB3784;
			productRefGroup = 827DD9AF29F8A61800BB3784 /* Products */;
			projectDirPath = "";
			projectRoot = "";
			targets = (
				827DD9AD29F8A61800BB3784 /* Bucket */,
			);
		};
/* End PBXProject section */

/* Begin PBXResourcesBuildPhase section */
		827DD9AC29F8A61800BB3784 /* Resources */ = {
			isa = PBXResourcesBuildPhase;
			buildActionMask = 2147483647;
			files = (
				827DD9B929F8A61900BB3784 /* Preview Assets.xcassets in Resources */,
				827DD9B629F8A61900BB3784 /* Assets.xcassets in Resources */,
			);
			runOnlyForDeploymentPostprocessing = 0;
		};
/* End PBXResourcesBuildPhase section */

/* Begin PBXSourcesBuildPhase section */
		827DD9AA29F8A61800BB3784 /* Sources */ = {
			isa = PBXSourcesBuildPhase;
			buildActionMask = 2147483647;
			files = (
				827DD9CA29FC43CC00BB3784 /* BucketItemDetailView.swift in Sources */,
				827DD9C329F8AB1D00BB3784 /* MyBucketView.swift in Sources */,
				827DD9B429F8A61800BB3784 /* ContentView.swift in Sources */,
				827DD9C129F8A9AD00BB3784 /* MainView.swift in Sources */,
				827DD9C829F8AF5600BB3784 /* ActivitiesView.swift in Sources */,
				827DD9B229F8A61800BB3784 /* BucketApp.swift in Sources */,
				827DD9C629F8AB3A00BB3784 /* BucketItems.swift in Sources */,
			);
			runOnlyForDeploymentPostprocessing = 0;
		};
/* End PBXSourcesBuildPhase section */

/* Begin XCBuildConfiguration section */
		827DD9BA29F8A61900BB3784 /* Debug */ = {
			isa = XCBuildConfiguration;
			buildSettings = {
				ALWAYS_SEARCH_USER_PATHS = NO;
				CLANG_ANALYZER_NONNULL = YES;
				CLANG_ANALYZER_NUMBER_OBJECT_CONVERSION = YES_AGGRESSIVE;
				CLANG_CXX_LANGUAGE_STANDARD = "gnu++20";
				CLANG_ENABLE_MODULES = YES;
				CLANG_ENABLE_OBJC_ARC = YES;
				CLANG_ENABLE_OBJC_WEAK = YES;
				CLANG_WARN_BLOCK_CAPTURE_AUTORELEASING = YES;
				CLANG_WARN_BOOL_CONVERSION = YES;
				CLANG_WARN_COMMA = YES;
				CLANG_WARN_CONSTANT_CONVERSION = YES;
				CLANG_WARN_DEPRECATED_OBJC_IMPLEMENTATIONS = YES;
				CLANG_WARN_DIRECT_OBJC_ISA_USAGE = YES_ERROR;
				CLANG_WARN_DOCUMENTATION_COMMENTS = YES;
				CLANG_WARN_EMPTY_BODY = YES;
				CLANG_WARN_ENUM_CONVERSION = YES;
				CLANG_WARN_INFINITE_RECURSION = YES;
				CLANG_WARN_INT_CONVERSION = YES;
				CLANG_WARN_NON_LITERAL_NULL_CONVERSION = YES;
				CLANG_WARN_OBJC_IMPLICIT_RETAIN_SELF = YES;
				CLANG_WARN_OBJC_LITERAL_CONVERSION = YES;
				CLANG_WARN_OBJC_ROOT_CLASS = YES_ERROR;
				CLANG_WARN_QUOTED_INCLUDE_IN_FRAMEWORK_HEADER = YES;
				CLANG_WARN_RANGE_LOOP_ANALYSIS = YES;
				CLANG_WARN_STRICT_PROTOTYPES = YES;
				CLANG_WARN_SUSPICIOUS_MOVE = YES;
				CLANG_WARN_UNGUARDED_AVAILABILITY = YES_AGGRESSIVE;
				CLANG_WARN_UNREACHABLE_CODE = YES;
				CLANG_WARN__DUPLICATE_METHOD_MATCH = YES;
				COPY_PHASE_STRIP = NO;
				DEBUG_INFORMATION_FORMAT = dwarf;
				ENABLE_STRICT_OBJC_MSGSEND = YES;
				ENABLE_TESTABILITY = YES;
				GCC_C_LANGUAGE_STANDARD = gnu11;
				GCC_DYNAMIC_NO_PIC = NO;
				GCC_NO_COMMON_BLOCKS = YES;
				GCC_OPTIMIZATION_LEVEL = 0;
				GCC_PREPROCESSOR_DEFINITIONS = (
					"DEBUG=1",
					"$(inherited)",
				);
				GCC_WARN_64_TO_32_BIT_CONVERSION = YES;
				GCC_WARN_ABOUT_RETURN_TYPE = YES_ERROR;
				GCC_WARN_UNDECLARED_SELECTOR = YES;
				GCC_WARN_UNINITIALIZED_AUTOS = YES_AGGRESSIVE;
				GCC_WARN_UNUSED_FUNCTION = YES;
				GCC_WARN_UNUSED_VARIABLE = YES;
				IPHONEOS_DEPLOYMENT_TARGET = 16.4;
				MTL_ENABLE_DEBUG_INFO = INCLUDE_SOURCE;
				MTL_FAST_MATH = YES;
				ONLY_ACTIVE_ARCH = YES;
				SDKROOT = iphoneos;
				SWIFT_ACTIVE_COMPILATION_CONDITIONS = DEBUG;
				SWIFT_OPTIMIZATION_LEVEL = "-Onone";
			};
			name = Debug;
		};
		827DD9BB29F8A61900BB3784 /* Release */ = {
			isa = XCBuildConfiguration;
			buildSettings = {
				ALWAYS_SEARCH_USER_PATHS = NO;
				CLANG_ANALYZER_NONNULL = YES;
				CLANG_ANALYZER_NUMBER_OBJECT_CONVERSION = YES_AGGRESSIVE;
				CLANG_CXX_LANGUAGE_STANDARD = "gnu++20";
				CLANG_ENABLE_MODULES = YES;
				CLANG_ENABLE_OBJC_ARC = YES;
				CLANG_ENABLE_OBJC_WEAK = YES;
				CLANG_WARN_BLOCK_CAPTURE_AUTORELEASING = YES;
				CLANG_WARN_BOOL_CONVERSION = YES;
				CLANG_WARN_COMMA = YES;
				CLANG_WARN_CONSTANT_CONVERSION = YES;
				CLANG_WARN_DEPRECATED_OBJC_IMPLEMENTATIONS = YES;
				CLANG_WARN_DIRECT_OBJC_ISA_USAGE = YES_ERROR;
				CLANG_WARN_DOCUMENTATION_COMMENTS = YES;
				CLANG_WARN_EMPTY_BODY = YES;
				CLANG_WARN_ENUM_CONVERSION = YES;
				CLANG_WARN_INFINITE_RECURSION = YES;
				CLANG_WARN_INT_CONVERSION = YES;
				CLANG_WARN_NON_LITERAL_NULL_CONVERSION = YES;
				CLANG_WARN_OBJC_IMPLICIT_RETAIN_SELF = YES;
				CLANG_WARN_OBJC_LITERAL_CONVERSION = YES;
				CLANG_WARN_OBJC_ROOT_CLASS = YES_ERROR;
				CLANG_WARN_QUOTED_INCLUDE_IN_FRAMEWORK_HEADER = YES;
				CLANG_WARN_RANGE_LOOP_ANALYSIS = YES;
				CLANG_WARN_STRICT_PROTOTYPES = YES;
				CLANG_WARN_SUSPICIOUS_MOVE = YES;
				CLANG_WARN_UNGUARDED_AVAILABILITY = YES_AGGRESSIVE;
				CLANG_WARN_UNREACHABLE_CODE = YES;
				CLANG_WARN__DUPLICATE_METHOD_MATCH = YES;
				COPY_PHASE_STRIP = NO;
				DEBUG_INFORMATION_FORMAT = "dwarf-with-dsym";
				ENABLE_NS_ASSERTIONS = NO;
				ENABLE_STRICT_OBJC_MSGSEND = YES;
				GCC_C_LANGUAGE_STANDARD = gnu11;
				GCC_NO_COMMON_BLOCKS = YES;
				GCC_WARN_64_TO_32_BIT_CONVERSION = YES;
				GCC_WARN_ABOUT_RETURN_TYPE = YES_ERROR;
				GCC_WARN_UNDECLARED_SELECTOR = YES;
				GCC_WARN_UNINITIALIZED_AUTOS = YES_AGGRESSIVE;
				GCC_WARN_UNUSED_FUNCTION = YES;
				GCC_WARN_UNUSED_VARIABLE = YES;
				IPHONEOS_DEPLOYMENT_TARGET = 16.4;
				MTL_ENABLE_DEBUG_INFO = NO;
				MTL_FAST_MATH = YES;
				SDKROOT = iphoneos;
				SWIFT_COMPILATION_MODE = wholemodule;
				SWIFT_OPTIMIZATION_LEVEL = "-O";
				VALIDATE_PRODUCT = YES;
			};
			name = Release;
		};
		827DD9BD29F8A61900BB3784 /* Debug */ = {
			isa = XCBuildConfiguration;
			buildSettings = {
				ASSETCATALOG_COMPILER_APPICON_NAME = AppIcon;
				ASSETCATALOG_COMPILER_GLOBAL_ACCENT_COLOR_NAME = AccentColor;
				CODE_SIGN_STYLE = Automatic;
				CURRENT_PROJECT_VERSION = 1;
				DEVELOPMENT_ASSET_PATHS = "\"Bucket/Preview Content\"";
				DEVELOPMENT_TEAM = SV8Q8AVR63;
				ENABLE_PREVIEWS = YES;
				GENERATE_INFOPLIST_FILE = YES;
				INFOPLIST_KEY_UIApplicationSceneManifest_Generation = YES;
				INFOPLIST_KEY_UIApplicationSupportsIndirectInputEvents = YES;
				INFOPLIST_KEY_UILaunchScreen_Generation = YES;
				INFOPLIST_KEY_UISupportedInterfaceOrientations_iPad = "UIInterfaceOrientationPortrait UIInterfaceOrientationPortraitUpsideDown UIInterfaceOrientationLandscapeLeft UIInterfaceOrientationLandscapeRight";
				INFOPLIST_KEY_UISupportedInterfaceOrientations_iPhone = "UIInterfaceOrientationPortrait UIInterfaceOrientationLandscapeLeft UIInterfaceOrientationLandscapeRight";
				LD_RUNPATH_SEARCH_PATHS = (
					"$(inherited)",
					"@executable_path/Frameworks",
				);
				MARKETING_VERSION = 1.0;
				PRODUCT_BUNDLE_IDENTIFIER = Runje.Bucket;
				PRODUCT_NAME = "$(TARGET_NAME)";
				SWIFT_EMIT_LOC_STRINGS = YES;
				SWIFT_VERSION = 5.0;
				TARGETED_DEVICE_FAMILY = "1,2";
			};
			name = Debug;
		};
		827DD9BE29F8A61900BB3784 /* Release */ = {
			isa = XCBuildConfiguration;
			buildSettings = {
				ASSETCATALOG_COMPILER_APPICON_NAME = AppIcon;
				ASSETCATALOG_COMPILER_GLOBAL_ACCENT_COLOR_NAME = AccentColor;
				CODE_SIGN_STYLE = Automatic;
				CURRENT_PROJECT_VERSION = 1;
				DEVELOPMENT_ASSET_PATHS = "\"Bucket/Preview Content\"";
				DEVELOPMENT_TEAM = SV8Q8AVR63;
				ENABLE_PREVIEWS = YES;
				GENERATE_INFOPLIST_FILE = YES;
				INFOPLIST_KEY_UIApplicationSceneManifest_Generation = YES;
				INFOPLIST_KEY_UIApplicationSupportsIndirectInputEvents = YES;
				INFOPLIST_KEY_UILaunchScreen_Generation = YES;
				INFOPLIST_KEY_UISupportedInterfaceOrientations_iPad = "UIInterfaceOrientationPortrait UIInterfaceOrientationPortraitUpsideDown UIInterfaceOrientationLandscapeLeft UIInterfaceOrientationLandscapeRight";
				INFOPLIST_KEY_UISupportedInterfaceOrientations_iPhone = "UIInterfaceOrientationPortrait UIInterfaceOrientationLandscapeLeft UIInterfaceOrientationLandscapeRight";
				LD_RUNPATH_SEARCH_PATHS = (
					"$(inherited)",
					"@executable_path/Frameworks",
				);
				MARKETING_VERSION = 1.0;
				PRODUCT_BUNDLE_IDENTIFIER = Runje.Bucket;
				PRODUCT_NAME = "$(TARGET_NAME)";
				SWIFT_EMIT_LOC_STRINGS = YES;
				SWIFT_VERSION = 5.0;
				TARGETED_DEVICE_FAMILY = "1,2";
			};
			name = Release;
		};
/* End XCBuildConfiguration section */

/* Begin XCConfigurationList section */
		827DD9A929F8A61800BB3784 /* Build configuration list for PBXProject "Bucket" */ = {
			isa = XCConfigurationList;
			buildConfigurations = (
				827DD9BA29F8A61900BB3784 /* Debug */,
				827DD9BB29F8A61900BB3784 /* Release */,
			);
			defaultConfigurationIsVisible = 0;
			defaultConfigurationName = Release;
		};
		827DD9BC29F8A61900BB3784 /* Build configuration list for PBXNativeTarget "Bucket" */ = {
			isa = XCConfigurationList;
			buildConfigurations = (
				827DD9BD29F8A61900BB3784 /* Debug */,
				827DD9BE29F8A61900BB3784 /* Release */,
			);
			defaultConfigurationIsVisible = 0;
			defaultConfigurationName = Release;
		};
/* End XCConfigurationList section */
	};
	rootObject = 827DD9A629F8A61800BB3784 /* Project object */;
}
